lockfileVersion: '9.0'

settings:
  autoInstallPeers: true
  excludeLinksFromLockfile: false

importers:

  .:
    devDependencies:
      '@jsquash/oxipng':
        specifier: ^2.3.0
        version: 2.3.0
      '@resvg/resvg-wasm':
        specifier: ^2.6.2
        version: 2.6.2
      '@types/node':
        specifier: ^24.0.10
        version: 24.0.10

packages:

  '@jsquash/oxipng@2.3.0':
    resolution: {integrity: sha512-aQ8wiEp6ztlTMXc+RMt/CG8crU3mEHDU+h+JYkIi6ctMhlh8+Ltj5XwQFfBuyzKYrp8NxaFW80Dp824bqjr+zA==}

  '@resvg/resvg-wasm@2.6.2':
    resolution: {integrity: sha512-FqALmHI8D4o6lk/LRWDnhw95z5eO+eAa6ORjVg09YRR7BkcM6oPHU9uyC0gtQG5vpFLvgpeU4+zEAz2H8APHNw==}
    engines: {node: '>= 10'}

  '@types/node@24.0.10':
    resolution: {integrity: sha512-ENHwaH+JIRTDIEEbDK6QSQntAYGtbvdDXnMXnZaZ6k13Du1dPMmprkEHIL7ok2Wl2aZevetwTAb5S+7yIF+enA==}

  undici-types@7.8.0:
    resolution: {integrity: sha512-9UJ2xGDvQ43tYyVMpuHlsgApydB8ZKfVYTsLDhXkFL/6gfkp+U8xTGdh8pMJv1SpZna0zxG1DwsKZsreLbXBxw==}

  wasm-feature-detect@1.8.0:
    resolution: {integrity: sha512-zksaLKM2fVlnB5jQQDqKXXwYHLQUVH9es+5TOOHwGOVJOCeRBCiPjwSg+3tN2AdTCzjgli4jijCH290kXb/zWQ==}

snapshots:

  '@jsquash/oxipng@2.3.0':
    dependencies:
      wasm-feature-detect: 1.8.0

  '@resvg/resvg-wasm@2.6.2': {}

  '@types/node@24.0.10':
    dependencies:
      undici-types: 7.8.0

  undici-types@7.8.0: {}

  wasm-feature-detect@1.8.0: {}
